// !$*UTF8*$!
{
	archiveVersion = 1;
	classes = {
	};
	objectVersion = 56;
	objects = {

/* Begin PBXBuildFile section */
		E968542528AAF4D00028962C /* AppDelegate.swift in Sources */ = {isa = PBXBuildFile; fileRef = E968542428AAF4D00028962C /* AppDelegate.swift */; };
		E968542728AAF4D00028962C /* SceneDelegate.swift in Sources */ = {isa = PBXBuildFile; fileRef = E968542628AAF4D00028962C /* SceneDelegate.swift */; };
		E968542928AAF4D00028962C /* ViewController.swift in Sources */ = {isa = PBXBuildFile; fileRef = E968542828AAF4D00028962C /* ViewController.swift */; };
		E968542C28AAF4D00028962C /* Main.storyboard in Resources */ = {isa = PBXBuildFile; fileRef = E968542A28AAF4D00028962C /* Main.storyboard */; };
		E968542E28AAF4D10028962C /* Assets.xcassets in Resources */ = {isa = PBXBuildFile; fileRef = E968542D28AAF4D10028962C /* Assets.xcassets */; };
		E968543128AAF4D10028962C /* LaunchScreen.storyboard in Resources */ = {isa = PBXBuildFile; fileRef = E968542F28AAF4D10028962C /* LaunchScreen.storyboard */; };
		E968543F28AAF7200028962C /* WidgetKit.framework in Frameworks */ = {isa = PBXBuildFile; fileRef = E968543E28AAF7200028962C /* WidgetKit.framework */; };
		E968544128AAF7200028962C /* SwiftUI.framework in Frameworks */ = {isa = PBXBuildFile; fileRef = E968544028AAF7200028962C /* SwiftUI.framework */; };
		E968544428AAF7200028962C /* RidingWidget.swift in Sources */ = {isa = PBXBuildFile; fileRef = E968544328AAF7200028962C /* RidingWidget.swift */; };
		E968544628AAF7210028962C /* Assets.xcassets in Resources */ = {isa = PBXBuildFile; fileRef = E968544528AAF7210028962C /* Assets.xcassets */; };
		E968544A28AAF7210028962C /* RidingWidgetExtension.appex in Embed Foundation Extensions */ = {isa = PBXBuildFile; fileRef = E968543C28AAF7200028962C /* RidingWidgetExtension.appex */; settings = {ATTRIBUTES = (RemoveHeadersOnCopy, ); }; };
		E968545028AAF79D0028962C /* RidingAttributes.swift in Sources */ = {isa = PBXBuildFile; fileRef = E968544F28AAF79D0028962C /* RidingAttributes.swift */; };
		E968545128AAF79D0028962C /* RidingAttributes.swift in Sources */ = {isa = PBXBuildFile; fileRef = E968544F28AAF79D0028962C /* RidingAttributes.swift */; };
/* End PBXBuildFile section */

/* Begin PBXContainerItemProxy section */
		E968544828AAF7210028962C /* PBXContainerItemProxy */ = {
			isa = PBXContainerItemProxy;
			containerPortal = E968541928AAF4D00028962C /* Project object */;
			proxyType = 1;
			remoteGlobalIDString = E968543B28AAF7200028962C;
			remoteInfo = RidingWidgetExtension;
		};
/* End PBXContainerItemProxy section */

/* Begin PBXCopyFilesBuildPhase section */
		E968544E28AAF7210028962C /* Embed Foundation Extensions */ = {
			isa = PBXCopyFilesBuildPhase;
			buildActionMask = 2147483647;
			dstPath = "";
			dstSubfolderSpec = 13;
			files = (
				E968544A28AAF7210028962C /* RidingWidgetExtension.appex in Embed Foundation Extensions */,
			);
			name = "Embed Foundation Extensions";
			runOnlyForDeploymentPostprocessing = 0;
		};
/* End PBXCopyFilesBuildPhase section */

/* Begin PBXFileReference section */
		E968542128AAF4D00028962C /* LiveActivity.app */ = {isa = PBXFileReference; explicitFileType = wrapper.application; includeInIndex = 0; path = LiveActivity.app; sourceTree = BUILT_PRODUCTS_DIR; };
		E968542428AAF4D00028962C /* AppDelegate.swift */ = {isa = PBXFileReference; lastKnownFileType = sourcecode.swift; path = AppDelegate.swift; sourceTree = "<group>"; };
		E968542628AAF4D00028962C /* SceneDelegate.swift */ = {isa = PBXFileReference; lastKnownFileType = sourcecode.swift; path = SceneDelegate.swift; sourceTree = "<group>"; };
		E968542828AAF4D00028962C /* ViewController.swift */ = {isa = PBXFileReference; lastKnownFileType = sourcecode.swift; path = ViewController.swift; sourceTree = "<group>"; };
		E968542B28AAF4D00028962C /* Base */ = {isa = PBXFileReference; lastKnownFileType = file.storyboard; name = Base; path = Base.lproj/Main.storyboard; sourceTree = "<group>"; };
		E968542D28AAF4D10028962C /* Assets.xcassets */ = {isa = PBXFileReference; lastKnownFileType = folder.assetcatalog; path = Assets.xcassets; sourceTree = "<group>"; };
		E968543028AAF4D10028962C /* Base */ = {isa = PBXFileReference; lastKnownFileType = file.storyboard; name = Base; path = Base.lproj/LaunchScreen.storyboard; sourceTree = "<group>"; };
		E968543228AAF4D10028962C /* Info.plist */ = {isa = PBXFileReference; lastKnownFileType = text.plist.xml; path = Info.plist; sourceTree = "<group>"; };
		E968543C28AAF7200028962C /* RidingWidgetExtension.appex */ = {isa = PBXFileReference; explicitFileType = "wrapper.app-extension"; includeInIndex = 0; path = RidingWidgetExtension.appex; sourceTree = BUILT_PRODUCTS_DIR; };
		E968543E28AAF7200028962C /* WidgetKit.framework */ = {isa = PBXFileReference; lastKnownFileType = wrapper.framework; name = WidgetKit.framework; path = System/Library/Frameworks/WidgetKit.framework; sourceTree = SDKROOT; };
		E968544028AAF7200028962C /* SwiftUI.framework */ = {isa = PBXFileReference; lastKnownFileType = wrapper.framework; name = SwiftUI.framework; path = System/Library/Frameworks/SwiftUI.framework; sourceTree = SDKROOT; };
		E968544328AAF7200028962C /* RidingWidget.swift */ = {isa = PBXFileReference; lastKnownFileType = sourcecode.swift; path = RidingWidget.swift; sourceTree = "<group>"; };
		E968544528AAF7210028962C /* Assets.xcassets */ = {isa = PBXFileReference; lastKnownFileType = folder.assetcatalog; path = Assets.xcassets; sourceTree = "<group>"; };
		E968544728AAF7210028962C /* Info.plist */ = {isa = PBXFileReference; lastKnownFileType = text.plist.xml; path = Info.plist; sourceTree = "<group>"; };
		E968544F28AAF79D0028962C /* RidingAttributes.swift */ = {isa = PBXFileReference; lastKnownFileType = sourcecode.swift; path = RidingAttributes.swift; sourceTree = "<group>"; };
/* End PBXFileReference section */

/* Begin PBXFrameworksBuildPhase section */
		E968541E28AAF4D00028962C /* Frameworks */ = {
			isa = PBXFrameworksBuildPhase;
			buildActionMask = 2147483647;
			files = (
			);
			runOnlyForDeploymentPostprocessing = 0;
		};
		E968543928AAF7200028962C /* Frameworks */ = {
			isa = PBXFrameworksBuildPhase;
			buildActionMask = 2147483647;
			files = (
				E968544128AAF7200028962C /* SwiftUI.framework in Frameworks */,
				E968543F28AAF7200028962C /* WidgetKit.framework in Frameworks */,
			);
			runOnlyForDeploymentPostprocessing = 0;
		};
/* End PBXFrameworksBuildPhase section */

/* Begin PBXGroup section */
		E968541828AAF4D00028962C = {
			isa = PBXGroup;
			children = (
				E968542328AAF4D00028962C /* LiveActivity */,
				E968544228AAF7200028962C /* RidingWidget */,
				E968543D28AAF7200028962C /* Frameworks */,
				E968542228AAF4D00028962C /* Products */,
			);
			sourceTree = "<group>";
		};
		E968542228AAF4D00028962C /* Products */ = {
			isa = PBXGroup;
			children = (
				E968542128AAF4D00028962C /* LiveActivity.app */,
				E968543C28AAF7200028962C /* RidingWidgetExtension.appex */,
			);
			name = Products;
			sourceTree = "<group>";
		};
		E968542328AAF4D00028962C /* LiveActivity */ = {
			isa = PBXGroup;
			children = (
				E968542428AAF4D00028962C /* AppDelegate.swift */,
				E968542628AAF4D00028962C /* SceneDelegate.swift */,
				E968542828AAF4D00028962C /* ViewController.swift */,
				E968542A28AAF4D00028962C /* Main.storyboard */,
				E968542D28AAF4D10028962C /* Assets.xcassets */,
				E968542F28AAF4D10028962C /* LaunchScreen.storyboard */,
				E968543228AAF4D10028962C /* Info.plist */,
				E968544F28AAF79D0028962C /* RidingAttributes.swift */,
			);
			path = LiveActivity;
			sourceTree = "<group>";
		};
		E968543D28AAF7200028962C /* Frameworks */ = {
			isa = PBXGroup;
			children = (
				E968543E28AAF7200028962C /* WidgetKit.framework */,
				E968544028AAF7200028962C /* SwiftUI.framework */,
			);
			name = Frameworks;
			sourceTree = "<group>";
		};
		E968544228AAF7200028962C /* RidingWidget */ = {
			isa = PBXGroup;
			children = (
				E968544328AAF7200028962C /* RidingWidget.swift */,
				E968544528AAF7210028962C /* Assets.xcassets */,
				E968544728AAF7210028962C /* Info.plist */,
			);
			path = RidingWidget;
			sourceTree = "<group>";
		};
/* End PBXGroup section */

/* Begin PBXNativeTarget section */
		E968542028AAF4D00028962C /* LiveActivity */ = {
			isa = PBXNativeTarget;
			buildConfigurationList = E968543528AAF4D10028962C /* Build configuration list for PBXNativeTarget "LiveActivity" */;
			buildPhases = (
				E968541D28AAF4D00028962C /* Sources */,
				E968541E28AAF4D00028962C /* Frameworks */,
				E968541F28AAF4D00028962C /* Resources */,
				E968544E28AAF7210028962C /* Embed Foundation Extensions */,
			);
			buildRules = (
			);
			dependencies = (
				E968544928AAF7210028962C /* PBXTargetDependency */,
			);
			name = LiveActivity;
			productName = LiveActivity;
			productReference = E968542128AAF4D00028962C /* LiveActivity.app */;
			productType = "com.apple.product-type.application";
		};
		E968543B28AAF7200028962C /* RidingWidgetExtension */ = {
			isa = PBXNativeTarget;
			buildConfigurationList = E968544B28AAF7210028962C /* Build configuration list for PBXNativeTarget "RidingWidgetExtension" */;
			buildPhases = (
				E968543828AAF7200028962C /* Sources */,
				E968543928AAF7200028962C /* Frameworks */,
				E968543A28AAF7200028962C /* Resources */,
			);
			buildRules = (
			);
			dependencies = (
			);
			name = RidingWidgetExtension;
			productName = RidingWidgetExtension;
			productReference = E968543C28AAF7200028962C /* RidingWidgetExtension.appex */;
			productType = "com.apple.product-type.app-extension";
		};
/* End PBXNativeTarget section */

/* Begin PBXProject section */
		E968541928AAF4D00028962C /* Project object */ = {
			isa = PBXProject;
			attributes = {
				BuildIndependentTargetsInParallel = 1;
				LastSwiftUpdateCheck = 1400;
				LastUpgradeCheck = 1400;
				TargetAttributes = {
					E968542028AAF4D00028962C = {
						CreatedOnToolsVersion = 14.0;
					};
					E968543B28AAF7200028962C = {
						CreatedOnToolsVersion = 14.0;
					};
				};
			};
			buildConfigurationList = E968541C28AAF4D00028962C /* Build configuration list for PBXProject "LiveActivity" */;
			compatibilityVersion = "Xcode 14.0";
			developmentRegion = en;
			hasScannedForEncodings = 0;
			knownRegions = (
				en,
				Base,
			);
			mainGroup = E968541828AAF4D00028962C;
			productRefGroup = E968542228AAF4D00028962C /* Products */;
			projectDirPath = "";
			projectRoot = "";
			targets = (
				E968542028AAF4D00028962C /* LiveActivity */,
				E968543B28AAF7200028962C /* RidingWidgetExtension */,
			);
		};
/* End PBXProject section */

/* Begin PBXResourcesBuildPhase section */
		E968541F28AAF4D00028962C /* Resources */ = {
			isa = PBXResourcesBuildPhase;
			buildActionMask = 2147483647;
			files = (
				E968543128AAF4D10028962C /* LaunchScreen.storyboard in Resources */,
				E968542E28AAF4D10028962C /* Assets.xcassets in Resources */,
				E968542C28AAF4D00028962C /* Main.storyboard in Resources */,
			);
			runOnlyForDeploymentPostprocessing = 0;
		};
		E968543A28AAF7200028962C /* Resources */ = {
			isa = PBXResourcesBuildPhase;
			buildActionMask = 2147483647;
			files = (
				E968544628AAF7210028962C /* Assets.xcassets in Resources */,
			);
			runOnlyForDeploymentPostprocessing = 0;
		};
/* End PBXResourcesBuildPhase section */

/* Begin PBXSourcesBuildPhase section */
		E968541D28AAF4D00028962C /* Sources */ = {
			isa = PBXSourcesBuildPhase;
			buildActionMask = 2147483647;
			files = (
				E968542928AAF4D00028962C /* ViewController.swift in Sources */,
				E968545028AAF79D0028962C /* RidingAttributes.swift in Sources */,
				E968542528AAF4D00028962C /* AppDelegate.swift in Sources */,
				E968542728AAF4D00028962C /* SceneDelegate.swift in Sources */,
			);
			runOnlyForDeploymentPostprocessing = 0;
		};
		E968543828AAF7200028962C /* Sources */ = {
			isa = PBXSourcesBuildPhase;
			buildActionMask = 2147483647;
			files = (
				E968544428AAF7200028962C /* RidingWidget.swift in Sources */,
				E968545128AAF79D0028962C /* RidingAttributes.swift in Sources */,
			);
			runOnlyForDeploymentPostprocessing = 0;
		};
/* End PBXSourcesBuildPhase section */

/* Begin PBXTargetDependency section */
		E968544928AAF7210028962C /* PBXTargetDependency */ = {
			isa = PBXTargetDependency;
			target = E968543B28AAF7200028962C /* RidingWidgetExtension */;
			targetProxy = E968544828AAF7210028962C /* PBXContainerItemProxy */;
		};
/* End PBXTargetDependency section */

/* Begin PBXVariantGroup section */
		E968542A28AAF4D00028962C /* Main.storyboard */ = {
			isa = PBXVariantGroup;
			children = (
				E968542B28AAF4D00028962C /* Base */,
			);
			name = Main.storyboard;
			sourceTree = "<group>";
		};
		E968542F28AAF4D10028962C /* LaunchScreen.storyboard */ = {
			isa = PBXVariantGroup;
			children = (
				E968543028AAF4D10028962C /* Base */,
			);
			name = LaunchScreen.storyboard;
			sourceTree = "<group>";
		};
/* End PBXVariantGroup section */

/* Begin XCBuildConfiguration section */
		E968543328AAF4D10028962C /* Debug */ = {
			isa = XCBuildConfiguration;
			buildSettings = {
				ALWAYS_SEARCH_USER_PATHS = NO;
				CLANG_ANALYZER_NONNULL = YES;
				CLANG_ANALYZER_NUMBER_OBJECT_CONVERSION = YES_AGGRESSIVE;
				CLANG_CXX_LANGUAGE_STANDARD = "gnu++20";
				CLANG_ENABLE_MODULES = YES;
				CLANG_ENABLE_OBJC_ARC = YES;
				CLANG_ENABLE_OBJC_WEAK = YES;
				CLANG_WARN_BLOCK_CAPTURE_AUTORELEASING = YES;
				CLANG_WARN_BOOL_CONVERSION = YES;
				CLANG_WARN_COMMA = YES;
				CLANG_WARN_CONSTANT_CONVERSION = YES;
				CLANG_WARN_DEPRECATED_OBJC_IMPLEMENTATIONS = YES;
				CLANG_WARN_DIRECT_OBJC_ISA_USAGE = YES_ERROR;
				CLANG_WARN_DOCUMENTATION_COMMENTS = YES;
				CLANG_WARN_EMPTY_BODY = YES;
				CLANG_WARN_ENUM_CONVERSION = YES;
				CLANG_WARN_INFINITE_RECURSION = YES;
				CLANG_WARN_INT_CONVERSION = YES;
				CLANG_WARN_NON_LITERAL_NULL_CONVERSION = YES;
				CLANG_WARN_OBJC_IMPLICIT_RETAIN_SELF = YES;
				CLANG_WARN_OBJC_LITERAL_CONVERSION = YES;
				CLANG_WARN_OBJC_ROOT_CLASS = YES_ERROR;
				CLANG_WARN_QUOTED_INCLUDE_IN_FRAMEWORK_HEADER = YES;
				CLANG_WARN_RANGE_LOOP_ANALYSIS = YES;
				CLANG_WARN_STRICT_PROTOTYPES = YES;
				CLANG_WARN_SUSPICIOUS_MOVE = YES;
				CLANG_WARN_UNGUARDED_AVAILABILITY = YES_AGGRESSIVE;
				CLANG_WARN_UNREACHABLE_CODE = YES;
				CLANG_WARN__DUPLICATE_METHOD_MATCH = YES;
				COPY_PHASE_STRIP = NO;
				DEBUG_INFORMATION_FORMAT = dwarf;
				ENABLE_STRICT_OBJC_MSGSEND = YES;
				ENABLE_TESTABILITY = YES;
				GCC_C_LANGUAGE_STANDARD = gnu11;
				GCC_DYNAMIC_NO_PIC = NO;
				GCC_NO_COMMON_BLOCKS = YES;
				GCC_OPTIMIZATION_LEVEL = 0;
				GCC_PREPROCESSOR_DEFINITIONS = (
					"DEBUG=1",
					"$(inherited)",
				);
				GCC_WARN_64_TO_32_BIT_CONVERSION = YES;
				GCC_WARN_ABOUT_RETURN_TYPE = YES_ERROR;
				GCC_WARN_UNDECLARED_SELECTOR = YES;
				GCC_WARN_UNINITIALIZED_AUTOS = YES_AGGRESSIVE;
				GCC_WARN_UNUSED_FUNCTION = YES;
				GCC_WARN_UNUSED_VARIABLE = YES;
				IPHONEOS_DEPLOYMENT_TARGET = 16.0;
				MTL_ENABLE_DEBUG_INFO = INCLUDE_SOURCE;
				MTL_FAST_MATH = YES;
				ONLY_ACTIVE_ARCH = YES;
				SDKROOT = iphoneos;
				SWIFT_ACTIVE_COMPILATION_CONDITIONS = DEBUG;
				SWIFT_OPTIMIZATION_LEVEL = "-Onone";
			};
			name = Debug;
		};
		E968543428AAF4D10028962C /* Release */ = {
			isa = XCBuildConfiguration;
			buildSettings = {
				ALWAYS_SEARCH_USER_PATHS = NO;
				CLANG_ANALYZER_NONNULL = YES;
				CLANG_ANALYZER_NUMBER_OBJECT_CONVERSION = YES_AGGRESSIVE;
				CLANG_CXX_LANGUAGE_STANDARD = "gnu++20";
				CLANG_ENABLE_MODULES = YES;
				CLANG_ENABLE_OBJC_ARC = YES;
				CLANG_ENABLE_OBJC_WEAK = YES;
				CLANG_WARN_BLOCK_CAPTURE_AUTORELEASING = YES;
				CLANG_WARN_BOOL_CONVERSION = YES;
				CLANG_WARN_COMMA = YES;
				CLANG_WARN_CONSTANT_CONVERSION = YES;
				CLANG_WARN_DEPRECATED_OBJC_IMPLEMENTATIONS = YES;
				CLANG_WARN_DIRECT_OBJC_ISA_USAGE = YES_ERROR;
				CLANG_WARN_DOCUMENTATION_COMMENTS = YES;
				CLANG_WARN_EMPTY_BODY = YES;
				CLANG_WARN_ENUM_CONVERSION = YES;
				CLANG_WARN_INFINITE_RECURSION = YES;
				CLANG_WARN_INT_CONVERSION = YES;
				CLANG_WARN_NON_LITERAL_NULL_CONVERSION = YES;
				CLANG_WARN_OBJC_IMPLICIT_RETAIN_SELF = YES;
				CLANG_WARN_OBJC_LITERAL_CONVERSION = YES;
				CLANG_WARN_OBJC_ROOT_CLASS = YES_ERROR;
				CLANG_WARN_QUOTED_INCLUDE_IN_FRAMEWORK_HEADER = YES;
				CLANG_WARN_RANGE_LOOP_ANALYSIS = YES;
				CLANG_WARN_STRICT_PROTOTYPES = YES;
				CLANG_WARN_SUSPICIOUS_MOVE = YES;
				CLANG_WARN_UNGUARDED_AVAILABILITY = YES_AGGRESSIVE;
				CLANG_WARN_UNREACHABLE_CODE = YES;
				CLANG_WARN__DUPLICATE_METHOD_MATCH = YES;
				COPY_PHASE_STRIP = NO;
				DEBUG_INFORMATION_FORMAT = "dwarf-with-dsym";
				ENABLE_NS_ASSERTIONS = NO;
				ENABLE_STRICT_OBJC_MSGSEND = YES;
				GCC_C_LANGUAGE_STANDARD = gnu11;
				GCC_NO_COMMON_BLOCKS = YES;
				GCC_WARN_64_TO_32_BIT_CONVERSION = YES;
				GCC_WARN_ABOUT_RETURN_TYPE = YES_ERROR;
				GCC_WARN_UNDECLARED_SELECTOR = YES;
				GCC_WARN_UNINITIALIZED_AUTOS = YES_AGGRESSIVE;
				GCC_WARN_UNUSED_FUNCTION = YES;
				GCC_WARN_UNUSED_VARIABLE = YES;
				IPHONEOS_DEPLOYMENT_TARGET = 16.0;
				MTL_ENABLE_DEBUG_INFO = NO;
				MTL_FAST_MATH = YES;
				SDKROOT = iphoneos;
				SWIFT_COMPILATION_MODE = wholemodule;
				SWIFT_OPTIMIZATION_LEVEL = "-O";
				VALIDATE_PRODUCT = YES;
			};
			name = Release;
		};
		E968543628AAF4D10028962C /* Debug */ = {
			isa = XCBuildConfiguration;
			buildSettings = {
				ALWAYS_EMBED_SWIFT_STANDARD_LIBRARIES = YES;
				ASSETCATALOG_COMPILER_APPICON_NAME = AppIcon;
				ASSETCATALOG_COMPILER_GLOBAL_ACCENT_COLOR_NAME = AccentColor;
				CODE_SIGN_STYLE = Automatic;
				CURRENT_PROJECT_VERSION = 1;
				DEVELOPMENT_TEAM = 7T8JF3V3RR;
				GENERATE_INFOPLIST_FILE = YES;
				INFOPLIST_FILE = LiveActivity/Info.plist;
				INFOPLIST_KEY_UIApplicationSupportsIndirectInputEvents = YES;
				INFOPLIST_KEY_UILaunchStoryboardName = LaunchScreen;
				INFOPLIST_KEY_UIMainStoryboardFile = Main;
				INFOPLIST_KEY_UISupportedInterfaceOrientations_iPad = "UIInterfaceOrientationPortrait UIInterfaceOrientationPortraitUpsideDown UIInterfaceOrientationLandscapeLeft UIInterfaceOrientationLandscapeRight";
				INFOPLIST_KEY_UISupportedInterfaceOrientations_iPhone = "UIInterfaceOrientationPortrait UIInterfaceOrientationLandscapeLeft UIInterfaceOrientationLandscapeRight";
				LD_RUNPATH_SEARCH_PATHS = (
					"$(inherited)",
					"@executable_path/Frameworks",
				);
				MARKETING_VERSION = 1.0;
				PRODUCT_BUNDLE_IDENTIFIER = com.minan.LiveActivity;
				PRODUCT_NAME = "$(TARGET_NAME)";
				SWIFT_EMIT_LOC_STRINGS = YES;
				SWIFT_VERSION = 5.0;
				TARGETED_DEVICE_FAMILY = "1,2";
			};
			name = Debug;
		};
		E968543728AAF4D10028962C /* Release */ = {
			isa = XCBuildConfiguration;
			buildSettings = {
				ALWAYS_EMBED_SWIFT_STANDARD_LIBRARIES = YES;
				ASSETCATALOG_COMPILER_APPICON_NAME = AppIcon;
				ASSETCATALOG_COMPILER_GLOBAL_ACCENT_COLOR_NAME = AccentColor;
				CODE_SIGN_STYLE = Automatic;
				CURRENT_PROJECT_VERSION = 1;
				DEVELOPMENT_TEAM = 7T8JF3V3RR;
				GENERATE_INFOPLIST_FILE = YES;
				INFOPLIST_FILE = LiveActivity/Info.plist;
				INFOPLIST_KEY_UIApplicationSupportsIndirectInputEvents = YES;
				INFOPLIST_KEY_UILaunchStoryboardName = LaunchScreen;
				INFOPLIST_KEY_UIMainStoryboardFile = Main;
				INFOPLIST_KEY_UISupportedInterfaceOrientations_iPad = "UIInterfaceOrientationPortrait UIInterfaceOrientationPortraitUpsideDown UIInterfaceOrientationLandscapeLeft UIInterfaceOrientationLandscapeRight";
				INFOPLIST_KEY_UISupportedInterfaceOrientations_iPhone = "UIInterfaceOrientationPortrait UIInterfaceOrientationLandscapeLeft UIInterfaceOrientationLandscapeRight";
				LD_RUNPATH_SEARCH_PATHS = (
					"$(inherited)",
					"@executable_path/Frameworks",
				);
				MARKETING_VERSION = 1.0;
				PRODUCT_BUNDLE_IDENTIFIER = com.minan.LiveActivity;
				PRODUCT_NAME = "$(TARGET_NAME)";
				SWIFT_EMIT_LOC_STRINGS = YES;
				SWIFT_VERSION = 5.0;
				TARGETED_DEVICE_FAMILY = "1,2";
			};
			name = Release;
		};
		E968544C28AAF7210028962C /* Debug */ = {
			isa = XCBuildConfiguration;
			buildSettings = {
				ASSETCATALOG_COMPILER_GLOBAL_ACCENT_COLOR_NAME = AccentColor;
				ASSETCATALOG_COMPILER_WIDGET_BACKGROUND_COLOR_NAME = WidgetBackground;
				CODE_SIGN_STYLE = Automatic;
				CURRENT_PROJECT_VERSION = 1;
				DEVELOPMENT_TEAM = 7T8JF3V3RR;
				GENERATE_INFOPLIST_FILE = YES;
				INFOPLIST_FILE = RidingWidget/Info.plist;
				INFOPLIST_KEY_CFBundleDisplayName = RidingWidget;
				INFOPLIST_KEY_NSHumanReadableCopyright = "";
				LD_RUNPATH_SEARCH_PATHS = (
					"$(inherited)",
					"@executable_path/Frameworks",
					"@executable_path/../../Frameworks",
				);
				MARKETING_VERSION = 1.0;
				PRODUCT_BUNDLE_IDENTIFIER = com.minan.LiveActivity.RidingWidget;
				PRODUCT_NAME = "$(TARGET_NAME)";
				SKIP_INSTALL = YES;
				SWIFT_EMIT_LOC_STRINGS = YES;
				SWIFT_VERSION = 5.0;
				TARGETED_DEVICE_FAMILY = "1,2";
			};
			name = Debug;
		};
		E968544D28AAF7210028962C /* Release */ = {
			isa = XCBuildConfiguration;
			buildSettings = {
				ASSETCATALOG_COMPILER_GLOBAL_ACCENT_COLOR_NAME = AccentColor;
				ASSETCATALOG_COMPILER_WIDGET_BACKGROUND_COLOR_NAME = WidgetBackground;
				CODE_SIGN_STYLE = Automatic;
				CURRENT_PROJECT_VERSION = 1;
				DEVELOPMENT_TEAM = 7T8JF3V3RR;
				GENERATE_INFOPLIST_FILE = YES;
				INFOPLIST_FILE = RidingWidget/Info.plist;
				INFOPLIST_KEY_CFBundleDisplayName = RidingWidget;
				INFOPLIST_KEY_NSHumanReadableCopyright = "";
				LD_RUNPATH_SEARCH_PATHS = (
					"$(inherited)",
					"@executable_path/Frameworks",
					"@executable_path/../../Frameworks",
				);
				MARKETING_VERSION = 1.0;
				PRODUCT_BUNDLE_IDENTIFIER = com.minan.LiveActivity.RidingWidget;
				PRODUCT_NAME = "$(TARGET_NAME)";
				SKIP_INSTALL = YES;
				SWIFT_EMIT_LOC_STRINGS = YES;
				SWIFT_VERSION = 5.0;
				TARGETED_DEVICE_FAMILY = "1,2";
			};
			name = Release;
		};
/* End XCBuildConfiguration section */

/* Begin XCConfigurationList section */
		E968541C28AAF4D00028962C /* Build configuration list for PBXProject "LiveActivity" */ = {
			isa = XCConfigurationList;
			buildConfigurations = (
				E968543328AAF4D10028962C /* Debug */,
				E968543428AAF4D10028962C /* Release */,
			);
			defaultConfigurationIsVisible = 0;
			defaultConfigurationName = Release;
		};
		E968543528AAF4D10028962C /* Build configuration list for PBXNativeTarget "LiveActivity" */ = {
			isa = XCConfigurationList;
			buildConfigurations = (
				E968543628AAF4D10028962C /* Debug */,
				E968543728AAF4D10028962C /* Release */,
			);
			defaultConfigurationIsVisible = 0;
			defaultConfigurationName = Release;
		};
		E968544B28AAF7210028962C /* Build configuration list for PBXNativeTarget "RidingWidgetExtension" */ = {
			isa = XCConfigurationList;
			buildConfigurations = (
				E968544C28AAF7210028962C /* Debug */,
				E968544D28AAF7210028962C /* Release */,
			);
			defaultConfigurationIsVisible = 0;
			defaultConfigurationName = Release;
		};
/* End XCConfigurationList section */
	};
	rootObject = E968541928AAF4D00028962C /* Project object */;
}
